{
  "name": "eaf-browser",
  "lockfileVersion": 2,
  "requires": true,
  "packages": {
    "": {
      "dependencies": {
        "@mozilla/readability": "^0.4.1"
      }
    },
    "node_modules/@mozilla/readability": {
      "version": "0.4.1",
      "resolved": "https://registry.npmjs.org/@mozilla/readability/-/readability-0.4.1.tgz",
      "integrity": "sha512-yar/f0w0fRUVM895s6yd5Z2oIxjG/6c3ROB/uQboSOBaDlri/nqI4aKtdqrldWciTLcdpjB2Z6MiVF2Bl9b8LA==",
      "engines": {
        "node": ">=10.0.0"
      }
    }
  },
  "dependencies": {
    "@mozilla/readability": {
      "version": "0.4.1",
      "resolved": "https://registry.npmjs.org/@mozilla/readability/-/readability-0.4.1.tgz",
      "integrity": "sha512-yar/f0w0fRUVM895s6yd5Z2oIxjG/6c3ROB/uQboSOBaDlri/nqI4aKtdqrldWciTLcdpjB2Z6MiVF2Bl9b8LA=="
    }
  }
}
