{
  "name": "browser",
  "lockfileVersion": 2,
  "requires": true,
  "packages": {
    "": {
      "dependencies": {
        "@mozilla/readability": "^0.4.1",
        "darkreader": "^4.9.34"
      }
    },
    "node_modules/@mozilla/readability": {
      "version": "0.4.2",
      "resolved": "https://registry.npmjs.org/@mozilla/readability/-/readability-0.4.2.tgz",
      "integrity": "sha512-48MJXzi4Dhy2fJ3lGjmwdEJKoMmn3oiYew9n/1OW6cZy78hAzRIyDJDBCGrg4PBFDyY4xos+H4LCFn5QVRDcfw==",
      "engines": {
        "node": ">=10.0.0"
      }
    },
    "node_modules/darkreader": {
      "version": "4.9.58",
      "resolved": "https://registry.npmjs.org/darkreader/-/darkreader-4.9.58.tgz",
      "integrity": "sha512-D/JGoJqW3m2AWBLhO+Pev+eThfs+CwRT4bcLb/1zKjql2yVwG0lx8C2XRDdSVGHw4y11n26W7syWoBpUfuhMqQ==",
      "funding": {
        "type": "opencollective",
        "url": "https://opencollective.com/darkreader/donate"
      }
    }
  },
  "dependencies": {
    "@mozilla/readability": {
      "version": "0.4.2",
      "resolved": "https://registry.npmjs.org/@mozilla/readability/-/readability-0.4.2.tgz",
      "integrity": "sha512-48MJXzi4Dhy2fJ3lGjmwdEJKoMmn3oiYew9n/1OW6cZy78hAzRIyDJDBCGrg4PBFDyY4xos+H4LCFn5QVRDcfw=="
    },
    "darkreader": {
      "version": "4.9.58",
      "resolved": "https://registry.npmjs.org/darkreader/-/darkreader-4.9.58.tgz",
      "integrity": "sha512-D/JGoJqW3m2AWBLhO+Pev+eThfs+CwRT4bcLb/1zKjql2yVwG0lx8C2XRDdSVGHw4y11n26W7syWoBpUfuhMqQ=="
    }
  }
}
