{
  "name": "browser",
  "lockfileVersion": 2,
  "requires": true,
  "packages": {
    "": {
      "dependencies": {
        "@mozilla/readability": "^0.6.0",
        "darkreader": "^4.9.34"
      }
    },
    "node_modules/@mozilla/readability": {
      "version": "0.6.0",
      "resolved": "https://registry.npmjs.org/@mozilla/readability/-/readability-0.6.0.tgz",
      "integrity": "sha512-juG5VWh4qAivzTAeMzvY9xs9HY5rAcr2E4I7tiSSCokRFi7XIZCAu92ZkSTsIj1OPceCifL3cpfteP3pDT9/QQ==",
      "license": "Apache-2.0",
      "engines": {
        "node": ">=14.0.0"
      }
    },
    "node_modules/darkreader": {
      "version": "4.9.58",
      "resolved": "https://registry.npmjs.org/darkreader/-/darkreader-4.9.58.tgz",
      "integrity": "sha512-D/JGoJqW3m2AWBLhO+Pev+eThfs+CwRT4bcLb/1zKjql2yVwG0lx8C2XRDdSVGHw4y11n26W7syWoBpUfuhMqQ==",
      "funding": {
        "type": "opencollective",
        "url": "https://opencollective.com/darkreader/donate"
      }
    }
  },
  "dependencies": {
    "@mozilla/readability": {
      "version": "0.6.0",
      "resolved": "https://registry.npmjs.org/@mozilla/readability/-/readability-0.6.0.tgz",
      "integrity": "sha512-juG5VWh4qAivzTAeMzvY9xs9HY5rAcr2E4I7tiSSCokRFi7XIZCAu92ZkSTsIj1OPceCifL3cpfteP3pDT9/QQ=="
    },
    "darkreader": {
      "version": "4.9.58",
      "resolved": "https://registry.npmjs.org/darkreader/-/darkreader-4.9.58.tgz",
      "integrity": "sha512-D/JGoJqW3m2AWBLhO+Pev+eThfs+CwRT4bcLb/1zKjql2yVwG0lx8C2XRDdSVGHw4y11n26W7syWoBpUfuhMqQ=="
    }
  }
}
